
Microsoft Visual Studio Solution File, Format Version 12.00
# Visual Studio Version 17
VisualStudioVersion = 17.5.33414.496
MinimumVisualStudioVersion = 10.0.40219.1
Project("{FAE04EC0-301F-11D3-BF4B-00C04F79EFBC}") = "MathOperations", "MathOperations\MathOperations.csproj", "{DA6F8B59-E8AB-4D80-A186-22CD3E5E78E4}"
EndProject
Global
	GlobalSection(SolutionConfigurationPlatforms) = preSolution
		Debug|Any CPU = Debug|Any CPU
		Release|Any CPU = Release|Any CPU
	EndGlobalSection
	GlobalSection(ProjectConfigurationPlatforms) = postSolution
		{DA6F8B59-E8AB-4D80-A186-22CD3E5E78E4}.Debug|Any CPU.ActiveCfg = Debug|Any CPU
		{DA6F8B59-E8AB-4D80-A186-22CD3E5E78E4}.Debug|Any CPU.Build.0 = Debug|Any CPU
		{DA6F8B59-E8AB-4D80-A186-22CD3E5E78E4}.Release|Any CPU.ActiveCfg = Release|Any CPU
		{DA6F8B59-E8AB-4D80-A186-22CD3E5E78E4}.Release|Any CPU.Build.0 = Release|Any CPU
	EndGlobalSection
	GlobalSection(SolutionProperties) = preSolution
		HideSolutionNode = FALSE
	EndGlobalSection
	GlobalSection(ExtensibilityGlobals) = postSolution
		SolutionGuid = {3B4CE120-68D0-42C7-B8B5-9C92AF97B0D5}
	EndGlobalSection
EndGlobal
